// !$*UTF8*$!
{
	archiveVersion = 1;
	classes = {
	};
	objectVersion = 46;
	objects = {

/* Begin PBXBuildFile section */
		20CA0AF81A361F2300F8207B /* AVFoundation.framework in Frameworks */ = {isa = PBXBuildFile; fileRef = 20CA0AF71A361F2300F8207B /* AVFoundation.framework */; };
		20CA0AFA1A361F2800F8207B /* CoreData.framework in Frameworks */ = {isa = PBXBuildFile; fileRef = 20CA0AF91A361F2800F8207B /* CoreData.framework */; };
		20CA0AFC1A361F2C00F8207B /* CoreLocation.framework in Frameworks */ = {isa = PBXBuildFile; fileRef = 20CA0AFB1A361F2C00F8207B /* CoreLocation.framework */; };
		20CA0AFE1A361F3000F8207B /* CoreText.framework in Frameworks */ = {isa = PBXBuildFile; fileRef = 20CA0AFD1A361F3000F8207B /* CoreText.framework */; };
		20CA0B001A361F3500F8207B /* GLKit.framework in Frameworks */ = {isa = PBXBuildFile; fileRef = 20CA0AFF1A361F3500F8207B /* GLKit.framework */; };
		20CA0B021A361F3A00F8207B /* ImageIO.framework in Frameworks */ = {isa = PBXBuildFile; fileRef = 20CA0B011A361F3A00F8207B /* ImageIO.framework */; };
		20CA0B041A361F4300F8207B /* libc++.dylib in Frameworks */ = {isa = PBXBuildFile; fileRef = 20CA0B031A361F4300F8207B /* libc++.dylib */; };
		20CA0B061A361F5100F8207B /* libicucore.dylib in Frameworks */ = {isa = PBXBuildFile; fileRef = 20CA0B051A361F5000F8207B /* libicucore.dylib */; };
		20CA0B081A361F5600F8207B /* libz.dylib in Frameworks */ = {isa = PBXBuildFile; fileRef = 20CA0B071A361F5600F8207B /* libz.dylib */; };
		20CA0B0A1A361F5B00F8207B /* OpenGLES.framework in Frameworks */ = {isa = PBXBuildFile; fileRef = 20CA0B091A361F5B00F8207B /* OpenGLES.framework */; };
		20CA0B0C1A361F6000F8207B /* QuartzCore.framework in Frameworks */ = {isa = PBXBuildFile; fileRef = 20CA0B0B1A361F6000F8207B /* QuartzCore.framework */; };
		20CA0B0E1A361F6800F8207B /* SystemConfiguration.framework in Frameworks */ = {isa = PBXBuildFile; fileRef = 20CA0B0D1A361F6800F8207B /* SystemConfiguration.framework */; };
		20CA0B461A36207600F8207B /* GoogleMaps.framework in Frameworks */ = {isa = PBXBuildFile; fileRef = 20CA0B451A36207600F8207B /* GoogleMaps.framework */; };
		E924CE5A1A37655000F05F7A /* MainViewController.m in Sources */ = {isa = PBXBuildFile; fileRef = E924CE591A37655000F05F7A /* MainViewController.m */; };
		E956F9441A361138001AB27F /* main.m in Sources */ = {isa = PBXBuildFile; fileRef = E956F9431A361138001AB27F /* main.m */; };
		E956F9471A361138001AB27F /* AppDelegate.m in Sources */ = {isa = PBXBuildFile; fileRef = E956F9461A361138001AB27F /* AppDelegate.m */; };
		E956F94A1A361138001AB27F /* ViewController.m in Sources */ = {isa = PBXBuildFile; fileRef = E956F9491A361138001AB27F /* ViewController.m */; };
		E956F94D1A361138001AB27F /* Main.storyboard in Resources */ = {isa = PBXBuildFile; fileRef = E956F94B1A361138001AB27F /* Main.storyboard */; };
		E956F94F1A361138001AB27F /* Images.xcassets in Resources */ = {isa = PBXBuildFile; fileRef = E956F94E1A361138001AB27F /* Images.xcassets */; };
		E956F9521A361138001AB27F /* LaunchScreen.xib in Resources */ = {isa = PBXBuildFile; fileRef = E956F9501A361138001AB27F /* LaunchScreen.xib */; };
		E956F95E1A361138001AB27F /* MyTravelMapTests.m in Sources */ = {isa = PBXBuildFile; fileRef = E956F95D1A361138001AB27F /* MyTravelMapTests.m */; };
		E956F9781A363245001AB27F /* ViewControllerAddTravel.m in Sources */ = {isa = PBXBuildFile; fileRef = E956F9751A363245001AB27F /* ViewControllerAddTravel.m */; };
		E956F9791A363245001AB27F /* ViewControllerTravelListViewController.m in Sources */ = {isa = PBXBuildFile; fileRef = E956F9771A363245001AB27F /* ViewControllerTravelListViewController.m */; };
		E956F97C1A363269001AB27F /* Travel.m in Sources */ = {isa = PBXBuildFile; fileRef = E956F97B1A363269001AB27F /* Travel.m */; };
		E98718CE1A3624190007C15F /* GoogleMaps.bundle in Resources */ = {isa = PBXBuildFile; fileRef = E98718CD1A3624190007C15F /* GoogleMaps.bundle */; };
/* End PBXBuildFile section */

/* Begin PBXContainerItemProxy section */
		E956F9581A361138001AB27F /* PBXContainerItemProxy */ = {
			isa = PBXContainerItemProxy;
			containerPortal = E956F9361A361138001AB27F /* Project object */;
			proxyType = 1;
			remoteGlobalIDString = E956F93D1A361138001AB27F;
			remoteInfo = MyTravelMap;
		};
/* End PBXContainerItemProxy section */

/* Begin PBXFileReference section */
		20CA0AF71A361F2300F8207B /* AVFoundation.framework */ = {isa = PBXFileReference; lastKnownFileType = wrapper.framework; name = AVFoundation.framework; path = System/Library/Frameworks/AVFoundation.framework; sourceTree = SDKROOT; };
		20CA0AF91A361F2800F8207B /* CoreData.framework */ = {isa = PBXFileReference; lastKnownFileType = wrapper.framework; name = CoreData.framework; path = System/Library/Frameworks/CoreData.framework; sourceTree = SDKROOT; };
		20CA0AFB1A361F2C00F8207B /* CoreLocation.framework */ = {isa = PBXFileReference; lastKnownFileType = wrapper.framework; name = CoreLocation.framework; path = System/Library/Frameworks/CoreLocation.framework; sourceTree = SDKROOT; };
		20CA0AFD1A361F3000F8207B /* CoreText.framework */ = {isa = PBXFileReference; lastKnownFileType = wrapper.framework; name = CoreText.framework; path = System/Library/Frameworks/CoreText.framework; sourceTree = SDKROOT; };
		20CA0AFF1A361F3500F8207B /* GLKit.framework */ = {isa = PBXFileReference; lastKnownFileType = wrapper.framework; name = GLKit.framework; path = System/Library/Frameworks/GLKit.framework; sourceTree = SDKROOT; };
		20CA0B011A361F3A00F8207B /* ImageIO.framework */ = {isa = PBXFileReference; lastKnownFileType = wrapper.framework; name = ImageIO.framework; path = System/Library/Frameworks/ImageIO.framework; sourceTree = SDKROOT; };
		20CA0B031A361F4300F8207B /* libc++.dylib */ = {isa = PBXFileReference; lastKnownFileType = "compiled.mach-o.dylib"; name = "libc++.dylib"; path = "usr/lib/libc++.dylib"; sourceTree = SDKROOT; };
		20CA0B051A361F5000F8207B /* libicucore.dylib */ = {isa = PBXFileReference; lastKnownFileType = "compiled.mach-o.dylib"; name = libicucore.dylib; path = usr/lib/libicucore.dylib; sourceTree = SDKROOT; };
		20CA0B071A361F5600F8207B /* libz.dylib */ = {isa = PBXFileReference; lastKnownFileType = "compiled.mach-o.dylib"; name = libz.dylib; path = usr/lib/libz.dylib; sourceTree = SDKROOT; };
		20CA0B091A361F5B00F8207B /* OpenGLES.framework */ = {isa = PBXFileReference; lastKnownFileType = wrapper.framework; name = OpenGLES.framework; path = System/Library/Frameworks/OpenGLES.framework; sourceTree = SDKROOT; };
		20CA0B0B1A361F6000F8207B /* QuartzCore.framework */ = {isa = PBXFileReference; lastKnownFileType = wrapper.framework; name = QuartzCore.framework; path = System/Library/Frameworks/QuartzCore.framework; sourceTree = SDKROOT; };
		20CA0B0D1A361F6800F8207B /* SystemConfiguration.framework */ = {isa = PBXFileReference; lastKnownFileType = wrapper.framework; name = SystemConfiguration.framework; path = System/Library/Frameworks/SystemConfiguration.framework; sourceTree = SDKROOT; };
		20CA0B451A36207600F8207B /* GoogleMaps.framework */ = {isa = PBXFileReference; lastKnownFileType = wrapper.framework; path = GoogleMaps.framework; sourceTree = "<group>"; };
		E924CE581A37655000F05F7A /* MainViewController.h */ = {isa = PBXFileReference; fileEncoding = 4; lastKnownFileType = sourcecode.c.h; path = MainViewController.h; sourceTree = SOURCE_ROOT; };
		E924CE591A37655000F05F7A /* MainViewController.m */ = {isa = PBXFileReference; fileEncoding = 4; lastKnownFileType = sourcecode.c.objc; path = MainViewController.m; sourceTree = SOURCE_ROOT; };
		E956F93E1A361138001AB27F /* MyTravelMap.app */ = {isa = PBXFileReference; explicitFileType = wrapper.application; includeInIndex = 0; path = MyTravelMap.app; sourceTree = BUILT_PRODUCTS_DIR; };
		E956F9421A361138001AB27F /* Info.plist */ = {isa = PBXFileReference; lastKnownFileType = text.plist.xml; path = Info.plist; sourceTree = "<group>"; };
		E956F9431A361138001AB27F /* main.m */ = {isa = PBXFileReference; lastKnownFileType = sourcecode.c.objc; path = main.m; sourceTree = "<group>"; };
		E956F9451A361138001AB27F /* AppDelegate.h */ = {isa = PBXFileReference; lastKnownFileType = sourcecode.c.h; path = AppDelegate.h; sourceTree = "<group>"; };
		E956F9461A361138001AB27F /* AppDelegate.m */ = {isa = PBXFileReference; lastKnownFileType = sourcecode.c.objc; path = AppDelegate.m; sourceTree = "<group>"; };
		E956F9481A361138001AB27F /* ViewController.h */ = {isa = PBXFileReference; lastKnownFileType = sourcecode.c.h; path = ViewController.h; sourceTree = "<group>"; };
		E956F9491A361138001AB27F /* ViewController.m */ = {isa = PBXFileReference; lastKnownFileType = sourcecode.c.objc; path = ViewController.m; sourceTree = "<group>"; };
		E956F94C1A361138001AB27F /* Base */ = {isa = PBXFileReference; lastKnownFileType = file.storyboard; name = Base; path = Base.lproj/Main.storyboard; sourceTree = "<group>"; };
		E956F94E1A361138001AB27F /* Images.xcassets */ = {isa = PBXFileReference; lastKnownFileType = folder.assetcatalog; path = Images.xcassets; sourceTree = "<group>"; };
		E956F9511A361138001AB27F /* Base */ = {isa = PBXFileReference; lastKnownFileType = file.xib; name = Base; path = Base.lproj/LaunchScreen.xib; sourceTree = "<group>"; };
		E956F9571A361138001AB27F /* MyTravelMapTests.xctest */ = {isa = PBXFileReference; explicitFileType = wrapper.cfbundle; includeInIndex = 0; path = MyTravelMapTests.xctest; sourceTree = BUILT_PRODUCTS_DIR; };
		E956F95C1A361138001AB27F /* Info.plist */ = {isa = PBXFileReference; lastKnownFileType = text.plist.xml; path = Info.plist; sourceTree = "<group>"; };
		E956F95D1A361138001AB27F /* MyTravelMapTests.m */ = {isa = PBXFileReference; lastKnownFileType = sourcecode.c.objc; path = MyTravelMapTests.m; sourceTree = "<group>"; };
		E956F9741A363245001AB27F /* ViewControllerAddTravel.h */ = {isa = PBXFileReference; fileEncoding = 4; lastKnownFileType = sourcecode.c.h; name = ViewControllerAddTravel.h; path = ../ViewControllerAddTravel.h; sourceTree = "<group>"; };
		E956F9751A363245001AB27F /* ViewControllerAddTravel.m */ = {isa = PBXFileReference; fileEncoding = 4; lastKnownFileType = sourcecode.c.objc; name = ViewControllerAddTravel.m; path = ../ViewControllerAddTravel.m; sourceTree = "<group>"; };
		E956F9761A363245001AB27F /* ViewControllerTravelListViewController.h */ = {isa = PBXFileReference; fileEncoding = 4; lastKnownFileType = sourcecode.c.h; name = ViewControllerTravelListViewController.h; path = ../ViewControllerTravelListViewController.h; sourceTree = "<group>"; };
		E956F9771A363245001AB27F /* ViewControllerTravelListViewController.m */ = {isa = PBXFileReference; fileEncoding = 4; lastKnownFileType = sourcecode.c.objc; name = ViewControllerTravelListViewController.m; path = ../ViewControllerTravelListViewController.m; sourceTree = "<group>"; };
		E956F97A1A363269001AB27F /* Travel.h */ = {isa = PBXFileReference; fileEncoding = 4; lastKnownFileType = sourcecode.c.h; path = Travel.h; sourceTree = "<group>"; };
		E956F97B1A363269001AB27F /* Travel.m */ = {isa = PBXFileReference; fileEncoding = 4; lastKnownFileType = sourcecode.c.objc; path = Travel.m; sourceTree = "<group>"; };
		E98718CD1A3624190007C15F /* GoogleMaps.bundle */ = {isa = PBXFileReference; lastKnownFileType = "wrapper.plug-in"; name = GoogleMaps.bundle; path = GoogleMaps.framework/Versions/A/Resources/GoogleMaps.bundle; sourceTree = "<group>"; };
/* End PBXFileReference section */

/* Begin PBXFrameworksBuildPhase section */
		E956F93B1A361138001AB27F /* Frameworks */ = {
			isa = PBXFrameworksBuildPhase;
			buildActionMask = 2147483647;
			files = (
				20CA0B0E1A361F6800F8207B /* SystemConfiguration.framework in Frameworks */,
				20CA0B0C1A361F6000F8207B /* QuartzCore.framework in Frameworks */,
				20CA0B0A1A361F5B00F8207B /* OpenGLES.framework in Frameworks */,
				20CA0B081A361F5600F8207B /* libz.dylib in Frameworks */,
				20CA0B061A361F5100F8207B /* libicucore.dylib in Frameworks */,
				20CA0B041A361F4300F8207B /* libc++.dylib in Frameworks */,
				20CA0B021A361F3A00F8207B /* ImageIO.framework in Frameworks */,
				20CA0B001A361F3500F8207B /* GLKit.framework in Frameworks */,
				20CA0AFE1A361F3000F8207B /* CoreText.framework in Frameworks */,
				20CA0B461A36207600F8207B /* GoogleMaps.framework in Frameworks */,
				20CA0AFC1A361F2C00F8207B /* CoreLocation.framework in Frameworks */,
				20CA0AFA1A361F2800F8207B /* CoreData.framework in Frameworks */,
				20CA0AF81A361F2300F8207B /* AVFoundation.framework in Frameworks */,
			);
			runOnlyForDeploymentPostprocessing = 0;
		};
		E956F9541A361138001AB27F /* Frameworks */ = {
			isa = PBXFrameworksBuildPhase;
			buildActionMask = 2147483647;
			files = (
			);
			runOnlyForDeploymentPostprocessing = 0;
		};
/* End PBXFrameworksBuildPhase section */

/* Begin PBXGroup section */
		E956F9351A361138001AB27F = {
			isa = PBXGroup;
			children = (
				E98718CD1A3624190007C15F /* GoogleMaps.bundle */,
				20CA0B451A36207600F8207B /* GoogleMaps.framework */,
				20CA0B0D1A361F6800F8207B /* SystemConfiguration.framework */,
				20CA0B0B1A361F6000F8207B /* QuartzCore.framework */,
				20CA0B091A361F5B00F8207B /* OpenGLES.framework */,
				20CA0B071A361F5600F8207B /* libz.dylib */,
				20CA0B051A361F5000F8207B /* libicucore.dylib */,
				20CA0B031A361F4300F8207B /* libc++.dylib */,
				20CA0B011A361F3A00F8207B /* ImageIO.framework */,
				20CA0AFF1A361F3500F8207B /* GLKit.framework */,
				20CA0AFD1A361F3000F8207B /* CoreText.framework */,
				20CA0AFB1A361F2C00F8207B /* CoreLocation.framework */,
				20CA0AF91A361F2800F8207B /* CoreData.framework */,
				20CA0AF71A361F2300F8207B /* AVFoundation.framework */,
				E956F9401A361138001AB27F /* MyTravelMap */,
				E956F95A1A361138001AB27F /* MyTravelMapTests */,
				E956F93F1A361138001AB27F /* Products */,
			);
			sourceTree = "<group>";
		};
		E956F93F1A361138001AB27F /* Products */ = {
			isa = PBXGroup;
			children = (
				E956F93E1A361138001AB27F /* MyTravelMap.app */,
				E956F9571A361138001AB27F /* MyTravelMapTests.xctest */,
			);
			name = Products;
			sourceTree = "<group>";
		};
		E956F9401A361138001AB27F /* MyTravelMap */ = {
			isa = PBXGroup;
			children = (
				E956F97A1A363269001AB27F /* Travel.h */,
				E956F97B1A363269001AB27F /* Travel.m */,
				E956F9741A363245001AB27F /* ViewControllerAddTravel.h */,
				E956F9751A363245001AB27F /* ViewControllerAddTravel.m */,
				E956F9761A363245001AB27F /* ViewControllerTravelListViewController.h */,
				E956F9771A363245001AB27F /* ViewControllerTravelListViewController.m */,
				E956F9451A361138001AB27F /* AppDelegate.h */,
				E956F9461A361138001AB27F /* AppDelegate.m */,
				E956F9481A361138001AB27F /* ViewController.h */,
				E956F9491A361138001AB27F /* ViewController.m */,
				E956F94B1A361138001AB27F /* Main.storyboard */,
				E924CE581A37655000F05F7A /* MainViewController.h */,
				E924CE591A37655000F05F7A /* MainViewController.m */,
				E956F94E1A361138001AB27F /* Images.xcassets */,
				E956F9501A361138001AB27F /* LaunchScreen.xib */,
				E956F9411A361138001AB27F /* Supporting Files */,
			);
			path = MyTravelMap;
			sourceTree = "<group>";
		};
		E956F9411A361138001AB27F /* Supporting Files */ = {
			isa = PBXGroup;
			children = (
				E956F9421A361138001AB27F /* Info.plist */,
				E956F9431A361138001AB27F /* main.m */,
			);
			name = "Supporting Files";
			sourceTree = "<group>";
		};
		E956F95A1A361138001AB27F /* MyTravelMapTests */ = {
			isa = PBXGroup;
			children = (
				E956F95D1A361138001AB27F /* MyTravelMapTests.m */,
				E956F95B1A361138001AB27F /* Supporting Files */,
			);
			path = MyTravelMapTests;
			sourceTree = "<group>";
		};
		E956F95B1A361138001AB27F /* Supporting Files */ = {
			isa = PBXGroup;
			children = (
				E956F95C1A361138001AB27F /* Info.plist */,
			);
			name = "Supporting Files";
			sourceTree = "<group>";
		};
/* End PBXGroup section */

/* Begin PBXNativeTarget section */
		E956F93D1A361138001AB27F /* MyTravelMap */ = {
			isa = PBXNativeTarget;
			buildConfigurationList = E956F9611A361138001AB27F /* Build configuration list for PBXNativeTarget "MyTravelMap" */;
			buildPhases = (
				E956F93A1A361138001AB27F /* Sources */,
				E956F93B1A361138001AB27F /* Frameworks */,
				E956F93C1A361138001AB27F /* Resources */,
			);
			buildRules = (
			);
			dependencies = (
			);
			name = MyTravelMap;
			productName = MyTravelMap;
			productReference = E956F93E1A361138001AB27F /* MyTravelMap.app */;
			productType = "com.apple.product-type.application";
		};
		E956F9561A361138001AB27F /* MyTravelMapTests */ = {
			isa = PBXNativeTarget;
			buildConfigurationList = E956F9641A361138001AB27F /* Build configuration list for PBXNativeTarget "MyTravelMapTests" */;
			buildPhases = (
				E956F9531A361138001AB27F /* Sources */,
				E956F9541A361138001AB27F /* Frameworks */,
				E956F9551A361138001AB27F /* Resources */,
			);
			buildRules = (
			);
			dependencies = (
				E956F9591A361138001AB27F /* PBXTargetDependency */,
			);
			name = MyTravelMapTests;
			productName = MyTravelMapTests;
			productReference = E956F9571A361138001AB27F /* MyTravelMapTests.xctest */;
			productType = "com.apple.product-type.bundle.unit-test";
		};
/* End PBXNativeTarget section */

/* Begin PBXProject section */
		E956F9361A361138001AB27F /* Project object */ = {
			isa = PBXProject;
			attributes = {
				LastUpgradeCheck = 0620;
				ORGANIZATIONNAME = neZnam;
				TargetAttributes = {
					E956F93D1A361138001AB27F = {
						CreatedOnToolsVersion = 6.2;
					};
					E956F9561A361138001AB27F = {
						CreatedOnToolsVersion = 6.2;
						TestTargetID = E956F93D1A361138001AB27F;
					};
				};
			};
			buildConfigurationList = E956F9391A361138001AB27F /* Build configuration list for PBXProject "MyTravelMap" */;
			compatibilityVersion = "Xcode 3.2";
			developmentRegion = English;
			hasScannedForEncodings = 0;
			knownRegions = (
				en,
				Base,
			);
			mainGroup = E956F9351A361138001AB27F;
			productRefGroup = E956F93F1A361138001AB27F /* Products */;
			projectDirPath = "";
			projectRoot = "";
			targets = (
				E956F93D1A361138001AB27F /* MyTravelMap */,
				E956F9561A361138001AB27F /* MyTravelMapTests */,
			);
		};
/* End PBXProject section */

/* Begin PBXResourcesBuildPhase section */
		E956F93C1A361138001AB27F /* Resources */ = {
			isa = PBXResourcesBuildPhase;
			buildActionMask = 2147483647;
			files = (
				E956F94D1A361138001AB27F /* Main.storyboard in Resources */,
				E956F9521A361138001AB27F /* LaunchScreen.xib in Resources */,
				E956F94F1A361138001AB27F /* Images.xcassets in Resources */,
				E98718CE1A3624190007C15F /* GoogleMaps.bundle in Resources */,
			);
			runOnlyForDeploymentPostprocessing = 0;
		};
		E956F9551A361138001AB27F /* Resources */ = {
			isa = PBXResourcesBuildPhase;
			buildActionMask = 2147483647;
			files = (
			);
			runOnlyForDeploymentPostprocessing = 0;
		};
/* End PBXResourcesBuildPhase section */

/* Begin PBXSourcesBuildPhase section */
		E956F93A1A361138001AB27F /* Sources */ = {
			isa = PBXSourcesBuildPhase;
			buildActionMask = 2147483647;
			files = (
				E956F94A1A361138001AB27F /* ViewController.m in Sources */,
				E956F97C1A363269001AB27F /* Travel.m in Sources */,
				E956F9471A361138001AB27F /* AppDelegate.m in Sources */,
				E956F9791A363245001AB27F /* ViewControllerTravelListViewController.m in Sources */,
				E924CE5A1A37655000F05F7A /* MainViewController.m in Sources */,
				E956F9781A363245001AB27F /* ViewControllerAddTravel.m in Sources */,
				E956F9441A361138001AB27F /* main.m in Sources */,
			);
			runOnlyForDeploymentPostprocessing = 0;
		};
		E956F9531A361138001AB27F /* Sources */ = {
			isa = PBXSourcesBuildPhase;
			buildActionMask = 2147483647;
			files = (
				E956F95E1A361138001AB27F /* MyTravelMapTests.m in Sources */,
			);
			runOnlyForDeploymentPostprocessing = 0;
		};
/* End PBXSourcesBuildPhase section */

/* Begin PBXTargetDependency section */
		E956F9591A361138001AB27F /* PBXTargetDependency */ = {
			isa = PBXTargetDependency;
			target = E956F93D1A361138001AB27F /* MyTravelMap */;
			targetProxy = E956F9581A361138001AB27F /* PBXContainerItemProxy */;
		};
/* End PBXTargetDependency section */

/* Begin PBXVariantGroup section */
		E956F94B1A361138001AB27F /* Main.storyboard */ = {
			isa = PBXVariantGroup;
			children = (
				E956F94C1A361138001AB27F /* Base */,
			);
			name = Main.storyboard;
			sourceTree = "<group>";
		};
		E956F9501A361138001AB27F /* LaunchScreen.xib */ = {
			isa = PBXVariantGroup;
			children = (
				E956F9511A361138001AB27F /* Base */,
			);
			name = LaunchScreen.xib;
			sourceTree = "<group>";
		};
/* End PBXVariantGroup section */

/* Begin XCBuildConfiguration section */
		E956F95F1A361138001AB27F /* Debug */ = {
			isa = XCBuildConfiguration;
			buildSettings = {
				ALWAYS_SEARCH_USER_PATHS = NO;
				CLANG_CXX_LANGUAGE_STANDARD = "gnu++0x";
				CLANG_CXX_LIBRARY = "libc++";
				CLANG_ENABLE_MODULES = YES;
				CLANG_ENABLE_OBJC_ARC = YES;
				CLANG_WARN_BOOL_CONVERSION = YES;
				CLANG_WARN_CONSTANT_CONVERSION = YES;
				CLANG_WARN_DIRECT_OBJC_ISA_USAGE = YES_ERROR;
				CLANG_WARN_EMPTY_BODY = YES;
				CLANG_WARN_ENUM_CONVERSION = YES;
				CLANG_WARN_INT_CONVERSION = YES;
				CLANG_WARN_OBJC_ROOT_CLASS = YES_ERROR;
				CLANG_WARN_UNREACHABLE_CODE = YES;
				CLANG_WARN__DUPLICATE_METHOD_MATCH = YES;
				"CODE_SIGN_IDENTITY[sdk=iphoneos*]" = "iPhone Developer";
				COPY_PHASE_STRIP = NO;
				ENABLE_STRICT_OBJC_MSGSEND = YES;
				GCC_C_LANGUAGE_STANDARD = gnu99;
				GCC_DYNAMIC_NO_PIC = NO;
				GCC_OPTIMIZATION_LEVEL = 0;
				GCC_PREPROCESSOR_DEFINITIONS = (
					"DEBUG=1",
					"$(inherited)",
				);
				GCC_SYMBOLS_PRIVATE_EXTERN = NO;
				GCC_WARN_64_TO_32_BIT_CONVERSION = YES;
				GCC_WARN_ABOUT_RETURN_TYPE = YES_ERROR;
				GCC_WARN_UNDECLARED_SELECTOR = YES;
				GCC_WARN_UNINITIALIZED_AUTOS = YES_AGGRESSIVE;
				GCC_WARN_UNUSED_FUNCTION = YES;
				GCC_WARN_UNUSED_VARIABLE = YES;
				IPHONEOS_DEPLOYMENT_TARGET = 8.2;
				MTL_ENABLE_DEBUG_INFO = YES;
				ONLY_ACTIVE_ARCH = YES;
				OTHER_LDFLAGS = "-Objc";
				SDKROOT = iphoneos;
			};
			name = Debug;
		};
		E956F9601A361138001AB27F /* Release */ = {
			isa = XCBuildConfiguration;
			buildSettings = {
				ALWAYS_SEARCH_USER_PATHS = NO;
				CLANG_CXX_LANGUAGE_STANDARD = "gnu++0x";
				CLANG_CXX_LIBRARY = "libc++";
				CLANG_ENABLE_MODULES = YES;
				CLANG_ENABLE_OBJC_ARC = YES;
				CLANG_WARN_BOOL_CONVERSION = YES;
				CLANG_WARN_CONSTANT_CONVERSION = YES;
				CLANG_WARN_DIRECT_OBJC_ISA_USAGE = YES_ERROR;
				CLANG_WARN_EMPTY_BODY = YES;
				CLANG_WARN_ENUM_CONVERSION = YES;
				CLANG_WARN_INT_CONVERSION = YES;
				CLANG_WARN_OBJC_ROOT_CLASS = YES_ERROR;
				CLANG_WARN_UNREACHABLE_CODE = YES;
				CLANG_WARN__DUPLICATE_METHOD_MATCH = YES;
				"CODE_SIGN_IDENTITY[sdk=iphoneos*]" = "iPhone Developer";
				COPY_PHASE_STRIP = YES;
				ENABLE_NS_ASSERTIONS = NO;
				ENABLE_STRICT_OBJC_MSGSEND = YES;
				GCC_C_LANGUAGE_STANDARD = gnu99;
				GCC_WARN_64_TO_32_BIT_CONVERSION = YES;
				GCC_WARN_ABOUT_RETURN_TYPE = YES_ERROR;
				GCC_WARN_UNDECLARED_SELECTOR = YES;
				GCC_WARN_UNINITIALIZED_AUTOS = YES_AGGRESSIVE;
				GCC_WARN_UNUSED_FUNCTION = YES;
				GCC_WARN_UNUSED_VARIABLE = YES;
				IPHONEOS_DEPLOYMENT_TARGET = 8.2;
				MTL_ENABLE_DEBUG_INFO = NO;
				OTHER_LDFLAGS = "-Objc";
				SDKROOT = iphoneos;
				VALIDATE_PRODUCT = YES;
			};
			name = Release;
		};
		E956F9621A361138001AB27F /* Debug */ = {
			isa = XCBuildConfiguration;
			buildSettings = {
				ASSETCATALOG_COMPILER_APPICON_NAME = AppIcon;
				FRAMEWORK_SEARCH_PATHS = (
					"$(inherited)",
					"$(PROJECT_DIR)",
				);
				INFOPLIST_FILE = MyTravelMap/Info.plist;
				IPHONEOS_DEPLOYMENT_TARGET = 8.1;
				LD_RUNPATH_SEARCH_PATHS = "$(inherited) @executable_path/Frameworks";
				LIBRARY_SEARCH_PATHS = (
					"$(inherited)",
					/Users/faik/Projects/Academy387Group3/GoogleMaps.framework,
					/Users/faik/Projects/Academy387Group3/GoogleMaps.framework/Versions/A,
				);
				OTHER_LDFLAGS = "-ObjC";
				PRODUCT_NAME = "$(TARGET_NAME)";
			};
			name = Debug;
		};
		E956F9631A361138001AB27F /* Release */ = {
			isa = XCBuildConfiguration;
			buildSettings = {
				ASSETCATALOG_COMPILER_APPICON_NAME = AppIcon;
				FRAMEWORK_SEARCH_PATHS = (
					"$(inherited)",
					"$(PROJECT_DIR)",
				);
				INFOPLIST_FILE = MyTravelMap/Info.plist;
				IPHONEOS_DEPLOYMENT_TARGET = 8.1;
				LD_RUNPATH_SEARCH_PATHS = "$(inherited) @executable_path/Frameworks";
				LIBRARY_SEARCH_PATHS = (
					"$(inherited)",
					/Users/faik/Projects/Academy387Group3/GoogleMaps.framework,
					/Users/faik/Projects/Academy387Group3/GoogleMaps.framework/Versions/A,
				);
				OTHER_LDFLAGS = "-ObjC";
				PRODUCT_NAME = "$(TARGET_NAME)";
			};
			name = Release;
		};
		E956F9651A361138001AB27F /* Debug */ = {
			isa = XCBuildConfiguration;
			buildSettings = {
				BUNDLE_LOADER = "$(TEST_HOST)";
				FRAMEWORK_SEARCH_PATHS = (
					"$(SDKROOT)/Developer/Library/Frameworks",
					"$(inherited)",
				);
				GCC_PREPROCESSOR_DEFINITIONS = (
					"DEBUG=1",
					"$(inherited)",
				);
				INFOPLIST_FILE = MyTravelMapTests/Info.plist;
				LD_RUNPATH_SEARCH_PATHS = "$(inherited) @executable_path/Frameworks @loader_path/Frameworks";
				PRODUCT_NAME = "$(TARGET_NAME)";
				TEST_HOST = "$(BUILT_PRODUCTS_DIR)/MyTravelMap.app/MyTravelMap";
			};
			name = Debug;
		};
		E956F9661A361138001AB27F /* Release */ = {
			isa = XCBuildConfiguration;
			buildSettings = {
				BUNDLE_LOADER = "$(TEST_HOST)";
				FRAMEWORK_SEARCH_PATHS = (
					"$(SDKROOT)/Developer/Library/Frameworks",
					"$(inherited)",
				);
				INFOPLIST_FILE = MyTravelMapTests/Info.plist;
				LD_RUNPATH_SEARCH_PATHS = "$(inherited) @executable_path/Frameworks @loader_path/Frameworks";
				PRODUCT_NAME = "$(TARGET_NAME)";
				TEST_HOST = "$(BUILT_PRODUCTS_DIR)/MyTravelMap.app/MyTravelMap";
			};
			name = Release;
		};
/* End XCBuildConfiguration section */

/* Begin XCConfigurationList section */
		E956F9391A361138001AB27F /* Build configuration list for PBXProject "MyTravelMap" */ = {
			isa = XCConfigurationList;
			buildConfigurations = (
				E956F95F1A361138001AB27F /* Debug */,
				E956F9601A361138001AB27F /* Release */,
			);
			defaultConfigurationIsVisible = 0;
			defaultConfigurationName = Release;
		};
		E956F9611A361138001AB27F /* Build configuration list for PBXNativeTarget "MyTravelMap" */ = {
			isa = XCConfigurationList;
			buildConfigurations = (
				E956F9621A361138001AB27F /* Debug */,
				E956F9631A361138001AB27F /* Release */,
			);
			defaultConfigurationIsVisible = 0;
			defaultConfigurationName = Release;
		};
		E956F9641A361138001AB27F /* Build configuration list for PBXNativeTarget "MyTravelMapTests" */ = {
			isa = XCConfigurationList;
			buildConfigurations = (
				E956F9651A361138001AB27F /* Debug */,
				E956F9661A361138001AB27F /* Release */,
			);
			defaultConfigurationIsVisible = 0;
			defaultConfigurationName = Release;
		};
/* End XCConfigurationList section */
	};
	rootObject = E956F9361A361138001AB27F /* Project object */;
}
